<?xml version="1.0" encoding="utf-8"?>
<Project ToolsVersion="4.0" xmlns="http://schemas.microsoft.com/developer/msbuild/2003">
  <ItemGroup>
    <Filter Include="Source Files">
      <UniqueIdentifier>{4FC737F1-C7A5-4376-A066-2A32D752A2FF}</UniqueIdentifier>
      <Extensions>cpp;c;cc;cxx;def;odl;idl;hpj;bat;asm;asmx</Extensions>
    </Filter>
    <Filter Include="Source Files\Noise">
      <UniqueIdentifier>{7c414ea1-ed98-4d65-8537-ade750a28124}</UniqueIdentifier>
    </Filter>
    <Filter Include="Header Files">
      <UniqueIdentifier>{93995380-89BD-4b04-88EB-625FBE52EBFB}</UniqueIdentifier>
      <Extensions>h;hpp;hxx;hm;inl;inc;xsd</Extensions>
    </Filter>
    <Filter Include="Header Files\Noise">
      <UniqueIdentifier>{3710836a-f439-4a6f-b5a6-1f39d186f80c}</UniqueIdentifier>
    </Filter>
    <Filter Include="Header Files\celmath">
      <UniqueIdentifier>{1a6ffb1b-4f97-4bfa-945a-ac9608355005}</UniqueIdentifier>
    </Filter>
    <Filter Include="Resource Files">
      <UniqueIdentifier>{67DA6AB6-F800-4c08-8B7A-83BB121AAD01}</UniqueIdentifier>
      <Extensions>rc;ico;cur;bmp;dlg;rc2;rct;bin;rgs;gif;jpg;jpeg;jpe;resx;tiff;tif;png;wav</Extensions>
    </Filter>
  </ItemGroup>
  <ItemGroup>
    <ClCompile Include="3DMath.cpp">
      <Filter>Source Files</Filter>
    </ClCompile>
    <ClCompile Include="_Geometry.cpp">
      <Filter>Source Files</Filter>
    </ClCompile>
    <ClCompile Include="Application.cpp">
      <Filter>Source Files</Filter>
    </ClCompile>
    <ClCompile Include="CareTaker.cpp">
      <Filter>Source Files</Filter>
    </ClCompile>
    <ClCompile Include="d3dfont.cpp">
      <Filter>Source Files</Filter>
    </ClCompile>
    <ClCompile Include="D3DRenderer.cpp">
      <Filter>Source Files</Filter>
    </ClCompile>
    <ClCompile Include="Debug.cpp">
      <Filter>Source Files</Filter>
    </ClCompile>
    <ClCompile Include="Effect.cpp">
      <Filter>Source Files</Filter>
    </ClCompile>
    <ClCompile Include="EffectManager.cpp">
      <Filter>Source Files</Filter>
    </ClCompile>
    <ClCompile Include="PlanetMesh.cpp">
      <Filter>Source Files</Filter>
    </ClCompile>
    <ClCompile Include="Quad.cpp">
      <Filter>Source Files</Filter>
    </ClCompile>
    <ClCompile Include="RectangularVertexGrid.cpp">
      <Filter>Source Files</Filter>
    </ClCompile>
    <ClCompile Include="RenderTarget.cpp">
      <Filter>Source Files</Filter>
    </ClCompile>
    <ClCompile Include="ResourceItem.cpp">
      <Filter>Source Files</Filter>
    </ClCompile>
    <ClCompile Include="ResourceManager.cpp">
      <Filter>Source Files</Filter>
    </ClCompile>
    <ClCompile Include="ResourcePool.cpp">
      <Filter>Source Files</Filter>
    </ClCompile>
    <ClCompile Include="stdafx.cpp">
      <Filter>Source Files</Filter>
    </ClCompile>
    <ClCompile Include="Texture.cpp">
      <Filter>Source Files</Filter>
    </ClCompile>
    <ClCompile Include="TextureManager.cpp">
      <Filter>Source Files</Filter>
    </ClCompile>
    <ClCompile Include="TextureUtils.cpp">
      <Filter>Source Files</Filter>
    </ClCompile>
    <ClCompile Include="VertexBuffer.cpp">
      <Filter>Source Files</Filter>
    </ClCompile>
    <ClCompile Include="VertexTypes.cpp">
      <Filter>Source Files</Filter>
    </ClCompile>
    <ClCompile Include="window.cpp">
      <Filter>Source Files</Filter>
    </ClCompile>
    <ClCompile Include="mynoise.cpp">
      <Filter>Source Files\Noise</Filter>
    </ClCompile>
    <ClCompile Include="NoisePlanet.cpp">
      <Filter>Source Files\Noise</Filter>
    </ClCompile>
    <ClCompile Include="NoiseSky.cpp">
      <Filter>Source Files\Noise</Filter>
    </ClCompile>
    <ClCompile Include="..\noiseutils\noiseutils.cpp">
      <Filter>Source Files\Noise</Filter>
    </ClCompile>
  </ItemGroup>
  <ItemGroup>
    <ClInclude Include="3DMath.h">
      <Filter>Header Files</Filter>
    </ClInclude>
    <ClInclude Include="_Geometry.h">
      <Filter>Header Files</Filter>
    </ClInclude>
    <ClInclude Include="Application.h">
      <Filter>Header Files</Filter>
    </ClInclude>
    <ClInclude Include="Camera.h">
      <Filter>Header Files</Filter>
    </ClInclude>
    <ClInclude Include="CareTaker.h">
      <Filter>Header Files</Filter>
    </ClInclude>
    <ClInclude Include="Collections.h">
      <Filter>Header Files</Filter>
    </ClInclude>
    <ClInclude Include="d3dfont.h">
      <Filter>Header Files</Filter>
    </ClInclude>
    <ClInclude Include="D3DRenderer.h">
      <Filter>Header Files</Filter>
    </ClInclude>
    <ClInclude Include="DataTypes.h">
      <Filter>Header Files</Filter>
    </ClInclude>
    <ClInclude Include="Debug.h">
      <Filter>Header Files</Filter>
    </ClInclude>
    <ClInclude Include="Effect.h">
      <Filter>Header Files</Filter>
    </ClInclude>
    <ClInclude Include="EffectManager.h">
      <Filter>Header Files</Filter>
    </ClInclude>
    <ClInclude Include="Exceptions.h">
      <Filter>Header Files</Filter>
    </ClInclude>
    <ClInclude Include="Frame.h">
      <Filter>Header Files</Filter>
    </ClInclude>
    <ClInclude Include="Frustrum.h">
      <Filter>Header Files</Filter>
    </ClInclude>
    <ClInclude Include="InstanceCounter.h">
      <Filter>Header Files</Filter>
    </ClInclude>
    <ClInclude Include="NumericTools.h">
      <Filter>Header Files</Filter>
    </ClInclude>
    <ClInclude Include="PlanetMesh.h">
      <Filter>Header Files</Filter>
    </ClInclude>
    <ClInclude Include="precompile.h">
      <Filter>Header Files</Filter>
    </ClInclude>
    <ClInclude Include="Quad.h">
      <Filter>Header Files</Filter>
    </ClInclude>
    <ClInclude Include="RectangularVertexGrid.h">
      <Filter>Header Files</Filter>
    </ClInclude>
    <ClInclude Include="RefCounter.h">
      <Filter>Header Files</Filter>
    </ClInclude>
    <ClInclude Include="RenderTarget.h">
      <Filter>Header Files</Filter>
    </ClInclude>
    <ClInclude Include="Resource.h">
      <Filter>Header Files</Filter>
    </ClInclude>
    <ClInclude Include="ResourceItem.h">
      <Filter>Header Files</Filter>
    </ClInclude>
    <ClInclude Include="ResourceManager.h">
      <Filter>Header Files</Filter>
    </ClInclude>
    <ClInclude Include="ResourcePool.h">
      <Filter>Header Files</Filter>
    </ClInclude>
    <ClInclude Include="Semaphore.h">
      <Filter>Header Files</Filter>
    </ClInclude>
    <ClInclude Include="Singleton.h">
      <Filter>Header Files</Filter>
    </ClInclude>
    <ClInclude Include="stdafx.h">
      <Filter>Header Files</Filter>
    </ClInclude>
    <ClInclude Include="Texture.h">
      <Filter>Header Files</Filter>
    </ClInclude>
    <ClInclude Include="TextureManager.h">
      <Filter>Header Files</Filter>
    </ClInclude>
    <ClInclude Include="TextureUtils.h">
      <Filter>Header Files</Filter>
    </ClInclude>
    <ClInclude Include="Timer.h">
      <Filter>Header Files</Filter>
    </ClInclude>
    <ClInclude Include="VertexBuffer.h">
      <Filter>Header Files</Filter>
    </ClInclude>
    <ClInclude Include="VertexTypes.h">
      <Filter>Header Files</Filter>
    </ClInclude>
    <ClInclude Include="window.h">
      <Filter>Header Files</Filter>
    </ClInclude>
    <ClInclude Include="MyNoise.h">
      <Filter>Header Files\Noise</Filter>
    </ClInclude>
    <ClInclude Include="NoisePlanet.h">
      <Filter>Header Files\Noise</Filter>
    </ClInclude>
    <ClInclude Include="NoiseSky.h">
      <Filter>Header Files\Noise</Filter>
    </ClInclude>
    <ClInclude Include="..\noiseutils\noiseutils.h">
      <Filter>Header Files\Noise</Filter>
    </ClInclude>
    <ClInclude Include="..\celmath\ellipsoid.h">
      <Filter>Header Files\celmath</Filter>
    </ClInclude>
    <ClInclude Include="..\celmath\intersect.h">
      <Filter>Header Files\celmath</Filter>
    </ClInclude>
    <ClInclude Include="..\celmath\ray.h">
      <Filter>Header Files\celmath</Filter>
    </ClInclude>
    <ClInclude Include="..\celmath\sphere.h">
      <Filter>Header Files\celmath</Filter>
    </ClInclude>
    <ClInclude Include="..\celmath\vecmath.h">
      <Filter>Header Files\celmath</Filter>
    </ClInclude>
  </ItemGroup>
  <ItemGroup>
    <None Include="small.ico">
      <Filter>Resource Files</Filter>
    </None>
    <None Include="window.ico">
      <Filter>Resource Files</Filter>
    </None>
    <None Include="..\Resources\BasicHLSL.fx" />
    <None Include="ReadMe.txt" />
  </ItemGroup>
  <ItemGroup>
    <ResourceCompile Include="window.rc">
      <Filter>Resource Files</Filter>
    </ResourceCompile>
  </ItemGroup>
</Project>